
Microsoft Visual Studio Solution File, Format Version 12.00
# Visual Studio Version 16
VisualStudioVersion = 16.0.30517.126
MinimumVisualStudioVersion = 10.0.40219.1
Project("{FAE04EC0-301F-11D3-BF4B-00C04F79EFBC}") = "LoginValidation", "LoginValidation\LoginValidation.csproj", "{2F302169-B5C7-4D15-825D-2B36E2D39F59}"
EndProject
Global
	GlobalSection(SolutionConfigurationPlatforms) = preSolution
		Debug|Any CPU = Debug|Any CPU
		Release|Any CPU = Release|Any CPU
	EndGlobalSection
	GlobalSection(ProjectConfigurationPlatforms) = postSolution
		{2F302169-B5C7-4D15-825D-2B36E2D39F59}.Debug|Any CPU.ActiveCfg = Debug|Any CPU
		{2F302169-B5C7-4D15-825D-2B36E2D39F59}.Debug|Any CPU.Build.0 = Debug|Any CPU
		{2F302169-B5C7-4D15-825D-2B36E2D39F59}.Release|Any CPU.ActiveCfg = Release|Any CPU
		{2F302169-B5C7-4D15-825D-2B36E2D39F59}.Release|Any CPU.Build.0 = Release|Any CPU
	EndGlobalSection
	GlobalSection(SolutionProperties) = preSolution
		HideSolutionNode = FALSE
	EndGlobalSection
	GlobalSection(ExtensibilityGlobals) = postSolution
		SolutionGuid = {6D819C29-9AF0-451B-980C-023D0CFF617B}
	EndGlobalSection
EndGlobal
